// !$*UTF8*$!
{
	archiveVersion = 1;
	classes = {
	};
	objectVersion = 50;
	objects = {

/* Begin PBXBuildFile section */
		FE41397224A318F100EC9D6E /* AppDelegate.swift in Sources */ = {isa = PBXBuildFile; fileRef = FE41397124A318F100EC9D6E /* AppDelegate.swift */; };
		FE41397424A318F100EC9D6E /* SceneDelegate.swift in Sources */ = {isa = PBXBuildFile; fileRef = FE41397324A318F100EC9D6E /* SceneDelegate.swift */; };
		FE41397624A318F100EC9D6E /* FeedViewController.swift in Sources */ = {isa = PBXBuildFile; fileRef = FE41397524A318F100EC9D6E /* FeedViewController.swift */; };
		FE41397924A318F100EC9D6E /* Main.storyboard in Resources */ = {isa = PBXBuildFile; fileRef = FE41397724A318F100EC9D6E /* Main.storyboard */; };
		FE41397B24A318F500EC9D6E /* Assets.xcassets in Resources */ = {isa = PBXBuildFile; fileRef = FE41397A24A318F500EC9D6E /* Assets.xcassets */; };
		FE41397E24A318F500EC9D6E /* LaunchScreen.storyboard in Resources */ = {isa = PBXBuildFile; fileRef = FE41397C24A318F500EC9D6E /* LaunchScreen.storyboard */; };
		FE41398624A3213C00EC9D6E /* Post.swift in Sources */ = {isa = PBXBuildFile; fileRef = FE41398524A3213C00EC9D6E /* Post.swift */; };
		FE741F2824A543AB0059CA4F /* NetworkManager.swift in Sources */ = {isa = PBXBuildFile; fileRef = FE741F2724A543AB0059CA4F /* NetworkManager.swift */; };
		FE741F2A24A54A740059CA4F /* CommentsViewController.swift in Sources */ = {isa = PBXBuildFile; fileRef = FE741F2924A54A740059CA4F /* CommentsViewController.swift */; };
		FE741F2C24A54C3F0059CA4F /* CommentTableViewCell.swift in Sources */ = {isa = PBXBuildFile; fileRef = FE741F2B24A54C3F0059CA4F /* CommentTableViewCell.swift */; };
		FE741F2E24A54F9C0059CA4F /* Comment.swift in Sources */ = {isa = PBXBuildFile; fileRef = FE741F2D24A54F9C0059CA4F /* Comment.swift */; };
		FEAB1F7724A46958001BA31E /* PostTableViewCell.swift in Sources */ = {isa = PBXBuildFile; fileRef = FEAB1F7624A46958001BA31E /* PostTableViewCell.swift */; };
/* End PBXBuildFile section */

/* Begin PBXFileReference section */
		FE41396E24A318F100EC9D6E /* ProductHuntApp.app */ = {isa = PBXFileReference; explicitFileType = wrapper.application; includeInIndex = 0; path = ProductHuntApp.app; sourceTree = BUILT_PRODUCTS_DIR; };
		FE41397124A318F100EC9D6E /* AppDelegate.swift */ = {isa = PBXFileReference; lastKnownFileType = sourcecode.swift; path = AppDelegate.swift; sourceTree = "<group>"; };
		FE41397324A318F100EC9D6E /* SceneDelegate.swift */ = {isa = PBXFileReference; lastKnownFileType = sourcecode.swift; path = SceneDelegate.swift; sourceTree = "<group>"; };
		FE41397524A318F100EC9D6E /* FeedViewController.swift */ = {isa = PBXFileReference; lastKnownFileType = sourcecode.swift; path = FeedViewController.swift; sourceTree = "<group>"; };
		FE41397824A318F100EC9D6E /* Base */ = {isa = PBXFileReference; lastKnownFileType = file.storyboard; name = Base; path = Base.lproj/Main.storyboard; sourceTree = "<group>"; };
		FE41397A24A318F500EC9D6E /* Assets.xcassets */ = {isa = PBXFileReference; lastKnownFileType = folder.assetcatalog; path = Assets.xcassets; sourceTree = "<group>"; };
		FE41397D24A318F500EC9D6E /* Base */ = {isa = PBXFileReference; lastKnownFileType = file.storyboard; name = Base; path = Base.lproj/LaunchScreen.storyboard; sourceTree = "<group>"; };
		FE41397F24A318F500EC9D6E /* Info.plist */ = {isa = PBXFileReference; lastKnownFileType = text.plist.xml; path = Info.plist; sourceTree = "<group>"; };
		FE41398524A3213C00EC9D6E /* Post.swift */ = {isa = PBXFileReference; lastKnownFileType = sourcecode.swift; path = Post.swift; sourceTree = "<group>"; };
		FE741F2724A543AB0059CA4F /* NetworkManager.swift */ = {isa = PBXFileReference; lastKnownFileType = sourcecode.swift; path = NetworkManager.swift; sourceTree = "<group>"; };
		FE741F2924A54A740059CA4F /* CommentsViewController.swift */ = {isa = PBXFileReference; lastKnownFileType = sourcecode.swift; path = CommentsViewController.swift; sourceTree = "<group>"; };
		FE741F2B24A54C3F0059CA4F /* CommentTableViewCell.swift */ = {isa = PBXFileReference; lastKnownFileType = sourcecode.swift; path = CommentTableViewCell.swift; sourceTree = "<group>"; };
		FE741F2D24A54F9C0059CA4F /* Comment.swift */ = {isa = PBXFileReference; lastKnownFileType = sourcecode.swift; path = Comment.swift; sourceTree = "<group>"; };
		FEAB1F7624A46958001BA31E /* PostTableViewCell.swift */ = {isa = PBXFileReference; lastKnownFileType = sourcecode.swift; path = PostTableViewCell.swift; sourceTree = "<group>"; };
/* End PBXFileReference section */

/* Begin PBXFrameworksBuildPhase section */
		FE41396B24A318F100EC9D6E /* Frameworks */ = {
			isa = PBXFrameworksBuildPhase;
			buildActionMask = 2147483647;
			files = (
			);
			runOnlyForDeploymentPostprocessing = 0;
		};
/* End PBXFrameworksBuildPhase section */

/* Begin PBXGroup section */
		FE41396524A318F100EC9D6E = {
			isa = PBXGroup;
			children = (
				FE41397024A318F100EC9D6E /* ProductHuntApp */,
				FE41396F24A318F100EC9D6E /* Products */,
			);
			sourceTree = "<group>";
		};
		FE41396F24A318F100EC9D6E /* Products */ = {
			isa = PBXGroup;
			children = (
				FE41396E24A318F100EC9D6E /* ProductHuntApp.app */,
			);
			name = Products;
			sourceTree = "<group>";
		};
		FE41397024A318F100EC9D6E /* ProductHuntApp */ = {
			isa = PBXGroup;
			children = (
				FE41397124A318F100EC9D6E /* AppDelegate.swift */,
				FE41397324A318F100EC9D6E /* SceneDelegate.swift */,
				FE41397524A318F100EC9D6E /* FeedViewController.swift */,
				FE741F2924A54A740059CA4F /* CommentsViewController.swift */,
				FE741F2724A543AB0059CA4F /* NetworkManager.swift */,
				FEAB1F7624A46958001BA31E /* PostTableViewCell.swift */,
				FE741F2B24A54C3F0059CA4F /* CommentTableViewCell.swift */,
				FE41398524A3213C00EC9D6E /* Post.swift */,
				FE741F2D24A54F9C0059CA4F /* Comment.swift */,
				FE41397724A318F100EC9D6E /* Main.storyboard */,
				FE41397A24A318F500EC9D6E /* Assets.xcassets */,
				FE41397C24A318F500EC9D6E /* LaunchScreen.storyboard */,
				FE41397F24A318F500EC9D6E /* Info.plist */,
			);
			path = ProductHuntApp;
			sourceTree = "<group>";
		};
/* End PBXGroup section */

/* Begin PBXNativeTarget section */
		FE41396D24A318F100EC9D6E /* ProductHuntApp */ = {
			isa = PBXNativeTarget;
			buildConfigurationList = FE41398224A318F500EC9D6E /* Build configuration list for PBXNativeTarget "ProductHuntApp" */;
			buildPhases = (
				FE41396A24A318F100EC9D6E /* Sources */,
				FE41396B24A318F100EC9D6E /* Frameworks */,
				FE41396C24A318F100EC9D6E /* Resources */,
			);
			buildRules = (
			);
			dependencies = (
			);
			name = ProductHuntApp;
			productName = ProductHuntApp;
			productReference = FE41396E24A318F100EC9D6E /* ProductHuntApp.app */;
			productType = "com.apple.product-type.application";
		};
/* End PBXNativeTarget section */

/* Begin PBXProject section */
		FE41396624A318F100EC9D6E /* Project object */ = {
			isa = PBXProject;
			attributes = {
				LastSwiftUpdateCheck = 1150;
				LastUpgradeCheck = 1150;
				ORGANIZATIONNAME = "Mark Kim";
				TargetAttributes = {
					FE41396D24A318F100EC9D6E = {
						CreatedOnToolsVersion = 11.5;
					};
				};
			};
			buildConfigurationList = FE41396924A318F100EC9D6E /* Build configuration list for PBXProject "ProductHuntApp" */;
			compatibilityVersion = "Xcode 9.3";
			developmentRegion = en;
			hasScannedForEncodings = 0;
			knownRegions = (
				en,
				Base,
			);
			mainGroup = FE41396524A318F100EC9D6E;
			productRefGroup = FE41396F24A318F100EC9D6E /* Products */;
			projectDirPath = "";
			projectRoot = "";
			targets = (
				FE41396D24A318F100EC9D6E /* ProductHuntApp */,
			);
		};
/* End PBXProject section */

/* Begin PBXResourcesBuildPhase section */
		FE41396C24A318F100EC9D6E /* Resources */ = {
			isa = PBXResourcesBuildPhase;
			buildActionMask = 2147483647;
			files = (
				FE41397E24A318F500EC9D6E /* LaunchScreen.storyboard in Resources */,
				FE41397B24A318F500EC9D6E /* Assets.xcassets in Resources */,
				FE41397924A318F100EC9D6E /* Main.storyboard in Resources */,
			);
			runOnlyForDeploymentPostprocessing = 0;
		};
/* End PBXResourcesBuildPhase section */

/* Begin PBXSourcesBuildPhase section */
		FE41396A24A318F100EC9D6E /* Sources */ = {
			isa = PBXSourcesBuildPhase;
			buildActionMask = 2147483647;
			files = (
				FE741F2824A543AB0059CA4F /* NetworkManager.swift in Sources */,
				FE41397624A318F100EC9D6E /* FeedViewController.swift in Sources */,
				FE741F2A24A54A740059CA4F /* CommentsViewController.swift in Sources */,
				FE741F2C24A54C3F0059CA4F /* CommentTableViewCell.swift in Sources */,
				FE41397224A318F100EC9D6E /* AppDelegate.swift in Sources */,
				FEAB1F7724A46958001BA31E /* PostTableViewCell.swift in Sources */,
				FE41397424A318F100EC9D6E /* SceneDelegate.swift in Sources */,
				FE741F2E24A54F9C0059CA4F /* Comment.swift in Sources */,
				FE41398624A3213C00EC9D6E /* Post.swift in Sources */,
			);
			runOnlyForDeploymentPostprocessing = 0;
		};
/* End PBXSourcesBuildPhase section */

/* Begin PBXVariantGroup section */
		FE41397724A318F100EC9D6E /* Main.storyboard */ = {
			isa = PBXVariantGroup;
			children = (
				FE41397824A318F100EC9D6E /* Base */,
			);
			name = Main.storyboard;
			sourceTree = "<group>";
		};
		FE41397C24A318F500EC9D6E /* LaunchScreen.storyboard */ = {
			isa = PBXVariantGroup;
			children = (
				FE41397D24A318F500EC9D6E /* Base */,
			);
			name = LaunchScreen.storyboard;
			sourceTree = "<group>";
		};
/* End PBXVariantGroup section */

/* Begin XCBuildConfiguration section */
		FE41398024A318F500EC9D6E /* Debug */ = {
			isa = XCBuildConfiguration;
			buildSettings = {
				ALWAYS_SEARCH_USER_PATHS = NO;
				CLANG_ANALYZER_NONNULL = YES;
				CLANG_ANALYZER_NUMBER_OBJECT_CONVERSION = YES_AGGRESSIVE;
				CLANG_CXX_LANGUAGE_STANDARD = "gnu++14";
				CLANG_CXX_LIBRARY = "libc++";
				CLANG_ENABLE_MODULES = YES;
				CLANG_ENABLE_OBJC_ARC = YES;
				CLANG_ENABLE_OBJC_WEAK = YES;
				CLANG_WARN_BLOCK_CAPTURE_AUTORELEASING = YES;
				CLANG_WARN_BOOL_CONVERSION = YES;
				CLANG_WARN_COMMA = YES;
				CLANG_WARN_CONSTANT_CONVERSION = YES;
				CLANG_WARN_DEPRECATED_OBJC_IMPLEMENTATIONS = YES;
				CLANG_WARN_DIRECT_OBJC_ISA_USAGE = YES_ERROR;
				CLANG_WARN_DOCUMENTATION_COMMENTS = YES;
				CLANG_WARN_EMPTY_BODY = YES;
				CLANG_WARN_ENUM_CONVERSION = YES;
				CLANG_WARN_INFINITE_RECURSION = YES;
				CLANG_WARN_INT_CONVERSION = YES;
				CLANG_WARN_NON_LITERAL_NULL_CONVERSION = YES;
				CLANG_WARN_OBJC_IMPLICIT_RETAIN_SELF = YES;
				CLANG_WARN_OBJC_LITERAL_CONVERSION = YES;
				CLANG_WARN_OBJC_ROOT_CLASS = YES_ERROR;
				CLANG_WARN_RANGE_LOOP_ANALYSIS = YES;
				CLANG_WARN_STRICT_PROTOTYPES = YES;
				CLANG_WARN_SUSPICIOUS_MOVE = YES;
				CLANG_WARN_UNGUARDED_AVAILABILITY = YES_AGGRESSIVE;
				CLANG_WARN_UNREACHABLE_CODE = YES;
				CLANG_WARN__DUPLICATE_METHOD_MATCH = YES;
				COPY_PHASE_STRIP = NO;
				DEBUG_INFORMATION_FORMAT = dwarf;
				ENABLE_STRICT_OBJC_MSGSEND = YES;
				ENABLE_TESTABILITY = YES;
				GCC_C_LANGUAGE_STANDARD = gnu11;
				GCC_DYNAMIC_NO_PIC = NO;
				GCC_NO_COMMON_BLOCKS = YES;
				GCC_OPTIMIZATION_LEVEL = 0;
				GCC_PREPROCESSOR_DEFINITIONS = (
					"DEBUG=1",
					"$(inherited)",
				);
				GCC_WARN_64_TO_32_BIT_CONVERSION = YES;
				GCC_WARN_ABOUT_RETURN_TYPE = YES_ERROR;
				GCC_WARN_UNDECLARED_SELECTOR = YES;
				GCC_WARN_UNINITIALIZED_AUTOS = YES_AGGRESSIVE;
				GCC_WARN_UNUSED_FUNCTION = YES;
				GCC_WARN_UNUSED_VARIABLE = YES;
				IPHONEOS_DEPLOYMENT_TARGET = 13.5;
				MTL_ENABLE_DEBUG_INFO = INCLUDE_SOURCE;
				MTL_FAST_MATH = YES;
				ONLY_ACTIVE_ARCH = YES;
				SDKROOT = iphoneos;
				SWIFT_ACTIVE_COMPILATION_CONDITIONS = DEBUG;
				SWIFT_OPTIMIZATION_LEVEL = "-Onone";
			};
			name = Debug;
		};
		FE41398124A318F500EC9D6E /* Release */ = {
			isa = XCBuildConfiguration;
			buildSettings = {
				ALWAYS_SEARCH_USER_PATHS = NO;
				CLANG_ANALYZER_NONNULL = YES;
				CLANG_ANALYZER_NUMBER_OBJECT_CONVERSION = YES_AGGRESSIVE;
				CLANG_CXX_LANGUAGE_STANDARD = "gnu++14";
				CLANG_CXX_LIBRARY = "libc++";
				CLANG_ENABLE_MODULES = YES;
				CLANG_ENABLE_OBJC_ARC = YES;
				CLANG_ENABLE_OBJC_WEAK = YES;
				CLANG_WARN_BLOCK_CAPTURE_AUTORELEASING = YES;
				CLANG_WARN_BOOL_CONVERSION = YES;
				CLANG_WARN_COMMA = YES;
				CLANG_WARN_CONSTANT_CONVERSION = YES;
				CLANG_WARN_DEPRECATED_OBJC_IMPLEMENTATIONS = YES;
				CLANG_WARN_DIRECT_OBJC_ISA_USAGE = YES_ERROR;
				CLANG_WARN_DOCUMENTATION_COMMENTS = YES;
				CLANG_WARN_EMPTY_BODY = YES;
				CLANG_WARN_ENUM_CONVERSION = YES;
				CLANG_WARN_INFINITE_RECURSION = YES;
				CLANG_WARN_INT_CONVERSION = YES;
				CLANG_WARN_NON_LITERAL_NULL_CONVERSION = YES;
				CLANG_WARN_OBJC_IMPLICIT_RETAIN_SELF = YES;
				CLANG_WARN_OBJC_LITERAL_CONVERSION = YES;
				CLANG_WARN_OBJC_ROOT_CLASS = YES_ERROR;
				CLANG_WARN_RANGE_LOOP_ANALYSIS = YES;
				CLANG_WARN_STRICT_PROTOTYPES = YES;
				CLANG_WARN_SUSPICIOUS_MOVE = YES;
				CLANG_WARN_UNGUARDED_AVAILABILITY = YES_AGGRESSIVE;
				CLANG_WARN_UNREACHABLE_CODE = YES;
				CLANG_WARN__DUPLICATE_METHOD_MATCH = YES;
				COPY_PHASE_STRIP = NO;
				DEBUG_INFORMATION_FORMAT = "dwarf-with-dsym";
				ENABLE_NS_ASSERTIONS = NO;
				ENABLE_STRICT_OBJC_MSGSEND = YES;
				GCC_C_LANGUAGE_STANDARD = gnu11;
				GCC_NO_COMMON_BLOCKS = YES;
				GCC_WARN_64_TO_32_BIT_CONVERSION = YES;
				GCC_WARN_ABOUT_RETURN_TYPE = YES_ERROR;
				GCC_WARN_UNDECLARED_SELECTOR = YES;
				GCC_WARN_UNINITIALIZED_AUTOS = YES_AGGRESSIVE;
				GCC_WARN_UNUSED_FUNCTION = YES;
				GCC_WARN_UNUSED_VARIABLE = YES;
				IPHONEOS_DEPLOYMENT_TARGET = 13.5;
				MTL_ENABLE_DEBUG_INFO = NO;
				MTL_FAST_MATH = YES;
				SDKROOT = iphoneos;
				SWIFT_COMPILATION_MODE = wholemodule;
				SWIFT_OPTIMIZATION_LEVEL = "-O";
				VALIDATE_PRODUCT = YES;
			};
			name = Release;
		};
		FE41398324A318F500EC9D6E /* Debug */ = {
			isa = XCBuildConfiguration;
			buildSettings = {
				ASSETCATALOG_COMPILER_APPICON_NAME = AppIcon;
				CODE_SIGN_STYLE = Automatic;
				INFOPLIST_FILE = ProductHuntApp/Info.plist;
				LD_RUNPATH_SEARCH_PATHS = (
					"$(inherited)",
					"@executable_path/Frameworks",
				);
				PRODUCT_BUNDLE_IDENTIFIER = com.markkim.ProductHuntApp;
				PRODUCT_NAME = "$(TARGET_NAME)";
				SWIFT_VERSION = 5.0;
				TARGETED_DEVICE_FAMILY = "1,2";
			};
			name = Debug;
		};
		FE41398424A318F500EC9D6E /* Release */ = {
			isa = XCBuildConfiguration;
			buildSettings = {
				ASSETCATALOG_COMPILER_APPICON_NAME = AppIcon;
				CODE_SIGN_STYLE = Automatic;
				INFOPLIST_FILE = ProductHuntApp/Info.plist;
				LD_RUNPATH_SEARCH_PATHS = (
					"$(inherited)",
					"@executable_path/Frameworks",
				);
				PRODUCT_BUNDLE_IDENTIFIER = com.markkim.ProductHuntApp;
				PRODUCT_NAME = "$(TARGET_NAME)";
				SWIFT_VERSION = 5.0;
				TARGETED_DEVICE_FAMILY = "1,2";
			};
			name = Release;
		};
/* End XCBuildConfiguration section */

/* Begin XCConfigurationList section */
		FE41396924A318F100EC9D6E /* Build configuration list for PBXProject "ProductHuntApp" */ = {
			isa = XCConfigurationList;
			buildConfigurations = (
				FE41398024A318F500EC9D6E /* Debug */,
				FE41398124A318F500EC9D6E /* Release */,
			);
			defaultConfigurationIsVisible = 0;
			defaultConfigurationName = Release;
		};
		FE41398224A318F500EC9D6E /* Build configuration list for PBXNativeTarget "ProductHuntApp" */ = {
			isa = XCConfigurationList;
			buildConfigurations = (
				FE41398324A318F500EC9D6E /* Debug */,
				FE41398424A318F500EC9D6E /* Release */,
			);
			defaultConfigurationIsVisible = 0;
			defaultConfigurationName = Release;
		};
/* End XCConfigurationList section */
	};
	rootObject = FE41396624A318F100EC9D6E /* Project object */;
}
